// !$*UTF8*$!
{
	archiveVersion = 1;
	classes = {
	};
	objectVersion = 46;
	objects = {

/* Begin PBXBuildFile section */
		702669B41AB810F3005066E0 /* AppDelegate.swift in Sources */ = {isa = PBXBuildFile; fileRef = 702669B31AB810F3005066E0 /* AppDelegate.swift */; };
		702669B61AB810F3005066E0 /* ViewController.swift in Sources */ = {isa = PBXBuildFile; fileRef = 702669B51AB810F3005066E0 /* ViewController.swift */; };
		702669B91AB810F3005066E0 /* Main.storyboard in Resources */ = {isa = PBXBuildFile; fileRef = 702669B71AB810F3005066E0 /* Main.storyboard */; };
		702669BB1AB810F3005066E0 /* Images.xcassets in Resources */ = {isa = PBXBuildFile; fileRef = 702669BA1AB810F3005066E0 /* Images.xcassets */; };
		702669BE1AB810F3005066E0 /* LaunchScreen.xib in Resources */ = {isa = PBXBuildFile; fileRef = 702669BC1AB810F3005066E0 /* LaunchScreen.xib */; };
		702669CA1AB810F3005066E0 /* Chinese_CharadesTests.swift in Sources */ = {isa = PBXBuildFile; fileRef = 702669C91AB810F3005066E0 /* Chinese_CharadesTests.swift */; };
		702669D41AB8244D005066E0 /* CalcLogic.swift in Sources */ = {isa = PBXBuildFile; fileRef = 702669D31AB8244D005066E0 /* CalcLogic.swift */; };
		70C575391AB91EB2006333E7 /* GameplayViewController.swift in Sources */ = {isa = PBXBuildFile; fileRef = 70C575381AB91EB2006333E7 /* GameplayViewController.swift */; };
/* End PBXBuildFile section */

/* Begin PBXContainerItemProxy section */
		702669C41AB810F3005066E0 /* PBXContainerItemProxy */ = {
			isa = PBXContainerItemProxy;
			containerPortal = 702669A61AB810F3005066E0 /* Project object */;
			proxyType = 1;
			remoteGlobalIDString = 702669AD1AB810F3005066E0;
			remoteInfo = "Chinese Charades";
		};
/* End PBXContainerItemProxy section */

/* Begin PBXFileReference section */
		702669AE1AB810F3005066E0 /* Chinese Charades.app */ = {isa = PBXFileReference; explicitFileType = wrapper.application; includeInIndex = 0; path = "Chinese Charades.app"; sourceTree = BUILT_PRODUCTS_DIR; };
		702669B21AB810F3005066E0 /* Info.plist */ = {isa = PBXFileReference; lastKnownFileType = text.plist.xml; path = Info.plist; sourceTree = "<group>"; };
		702669B31AB810F3005066E0 /* AppDelegate.swift */ = {isa = PBXFileReference; lastKnownFileType = sourcecode.swift; path = AppDelegate.swift; sourceTree = "<group>"; };
		702669B51AB810F3005066E0 /* ViewController.swift */ = {isa = PBXFileReference; lastKnownFileType = sourcecode.swift; path = ViewController.swift; sourceTree = "<group>"; };
		702669B81AB810F3005066E0 /* Base */ = {isa = PBXFileReference; lastKnownFileType = file.storyboard; name = Base; path = Base.lproj/Main.storyboard; sourceTree = "<group>"; };
		702669BA1AB810F3005066E0 /* Images.xcassets */ = {isa = PBXFileReference; lastKnownFileType = folder.assetcatalog; path = Images.xcassets; sourceTree = "<group>"; };
		702669BD1AB810F3005066E0 /* Base */ = {isa = PBXFileReference; lastKnownFileType = file.xib; name = Base; path = Base.lproj/LaunchScreen.xib; sourceTree = "<group>"; };
		702669C31AB810F3005066E0 /* Chinese CharadesTests.xctest */ = {isa = PBXFileReference; explicitFileType = wrapper.cfbundle; includeInIndex = 0; path = "Chinese CharadesTests.xctest"; sourceTree = BUILT_PRODUCTS_DIR; };
		702669C81AB810F3005066E0 /* Info.plist */ = {isa = PBXFileReference; lastKnownFileType = text.plist.xml; path = Info.plist; sourceTree = "<group>"; };
		702669C91AB810F3005066E0 /* Chinese_CharadesTests.swift */ = {isa = PBXFileReference; lastKnownFileType = sourcecode.swift; path = Chinese_CharadesTests.swift; sourceTree = "<group>"; };
		702669D31AB8244D005066E0 /* CalcLogic.swift */ = {isa = PBXFileReference; fileEncoding = 4; lastKnownFileType = sourcecode.swift; name = CalcLogic.swift; path = ../CalcLogic.swift; sourceTree = "<group>"; };
		70C575381AB91EB2006333E7 /* GameplayViewController.swift */ = {isa = PBXFileReference; fileEncoding = 4; lastKnownFileType = sourcecode.swift; path = GameplayViewController.swift; sourceTree = "<group>"; };
/* End PBXFileReference section */

/* Begin PBXFrameworksBuildPhase section */
		702669AB1AB810F3005066E0 /* Frameworks */ = {
			isa = PBXFrameworksBuildPhase;
			buildActionMask = 2147483647;
			files = (
			);
			runOnlyForDeploymentPostprocessing = 0;
		};
		702669C01AB810F3005066E0 /* Frameworks */ = {
			isa = PBXFrameworksBuildPhase;
			buildActionMask = 2147483647;
			files = (
			);
			runOnlyForDeploymentPostprocessing = 0;
		};
/* End PBXFrameworksBuildPhase section */

/* Begin PBXGroup section */
		702669A51AB810F3005066E0 = {
			isa = PBXGroup;
			children = (
				702669B01AB810F3005066E0 /* Chinese Charades */,
				702669C61AB810F3005066E0 /* Chinese CharadesTests */,
				702669AF1AB810F3005066E0 /* Products */,
			);
			sourceTree = "<group>";
		};
		702669AF1AB810F3005066E0 /* Products */ = {
			isa = PBXGroup;
			children = (
				702669AE1AB810F3005066E0 /* Chinese Charades.app */,
				702669C31AB810F3005066E0 /* Chinese CharadesTests.xctest */,
			);
			name = Products;
			sourceTree = "<group>";
		};
		702669B01AB810F3005066E0 /* Chinese Charades */ = {
			isa = PBXGroup;
			children = (
				702669D31AB8244D005066E0 /* CalcLogic.swift */,
				702669B31AB810F3005066E0 /* AppDelegate.swift */,
				702669B51AB810F3005066E0 /* ViewController.swift */,
				70C575381AB91EB2006333E7 /* GameplayViewController.swift */,
				702669B71AB810F3005066E0 /* Main.storyboard */,
				702669BA1AB810F3005066E0 /* Images.xcassets */,
				702669BC1AB810F3005066E0 /* LaunchScreen.xib */,
				702669B11AB810F3005066E0 /* Supporting Files */,
			);
			path = "Chinese Charades";
			sourceTree = "<group>";
		};
		702669B11AB810F3005066E0 /* Supporting Files */ = {
			isa = PBXGroup;
			children = (
				702669B21AB810F3005066E0 /* Info.plist */,
			);
			name = "Supporting Files";
			sourceTree = "<group>";
		};
		702669C61AB810F3005066E0 /* Chinese CharadesTests */ = {
			isa = PBXGroup;
			children = (
				702669C91AB810F3005066E0 /* Chinese_CharadesTests.swift */,
				702669C71AB810F3005066E0 /* Supporting Files */,
			);
			path = "Chinese CharadesTests";
			sourceTree = "<group>";
		};
		702669C71AB810F3005066E0 /* Supporting Files */ = {
			isa = PBXGroup;
			children = (
				702669C81AB810F3005066E0 /* Info.plist */,
			);
			name = "Supporting Files";
			sourceTree = "<group>";
		};
/* End PBXGroup section */

/* Begin PBXNativeTarget section */
		702669AD1AB810F3005066E0 /* Chinese Charades */ = {
			isa = PBXNativeTarget;
			buildConfigurationList = 702669CD1AB810F3005066E0 /* Build configuration list for PBXNativeTarget "Chinese Charades" */;
			buildPhases = (
				702669AA1AB810F3005066E0 /* Sources */,
				702669AB1AB810F3005066E0 /* Frameworks */,
				702669AC1AB810F3005066E0 /* Resources */,
			);
			buildRules = (
			);
			dependencies = (
			);
			name = "Chinese Charades";
			productName = "Chinese Charades";
			productReference = 702669AE1AB810F3005066E0 /* Chinese Charades.app */;
			productType = "com.apple.product-type.application";
		};
		702669C21AB810F3005066E0 /* Chinese CharadesTests */ = {
			isa = PBXNativeTarget;
			buildConfigurationList = 702669D01AB810F3005066E0 /* Build configuration list for PBXNativeTarget "Chinese CharadesTests" */;
			buildPhases = (
				702669BF1AB810F3005066E0 /* Sources */,
				702669C01AB810F3005066E0 /* Frameworks */,
				702669C11AB810F3005066E0 /* Resources */,
			);
			buildRules = (
			);
			dependencies = (
				702669C51AB810F3005066E0 /* PBXTargetDependency */,
			);
			name = "Chinese CharadesTests";
			productName = "Chinese CharadesTests";
			productReference = 702669C31AB810F3005066E0 /* Chinese CharadesTests.xctest */;
			productType = "com.apple.product-type.bundle.unit-test";
		};
/* End PBXNativeTarget section */

/* Begin PBXProject section */
		702669A61AB810F3005066E0 /* Project object */ = {
			isa = PBXProject;
			attributes = {
				LastUpgradeCheck = 0610;
				ORGANIZATIONNAME = "Hao Ni";
				TargetAttributes = {
					702669AD1AB810F3005066E0 = {
						CreatedOnToolsVersion = 6.1.1;
						DevelopmentTeam = 997V4DY5ZR;
					};
					702669C21AB810F3005066E0 = {
						CreatedOnToolsVersion = 6.1.1;
						TestTargetID = 702669AD1AB810F3005066E0;
					};
				};
			};
			buildConfigurationList = 702669A91AB810F3005066E0 /* Build configuration list for PBXProject "Chinese Charades" */;
			compatibilityVersion = "Xcode 3.2";
			developmentRegion = English;
			hasScannedForEncodings = 0;
			knownRegions = (
				en,
				Base,
			);
			mainGroup = 702669A51AB810F3005066E0;
			productRefGroup = 702669AF1AB810F3005066E0 /* Products */;
			projectDirPath = "";
			projectRoot = "";
			targets = (
				702669AD1AB810F3005066E0 /* Chinese Charades */,
				702669C21AB810F3005066E0 /* Chinese CharadesTests */,
			);
		};
/* End PBXProject section */

/* Begin PBXResourcesBuildPhase section */
		702669AC1AB810F3005066E0 /* Resources */ = {
			isa = PBXResourcesBuildPhase;
			buildActionMask = 2147483647;
			files = (
				702669B91AB810F3005066E0 /* Main.storyboard in Resources */,
				702669BE1AB810F3005066E0 /* LaunchScreen.xib in Resources */,
				702669BB1AB810F3005066E0 /* Images.xcassets in Resources */,
			);
			runOnlyForDeploymentPostprocessing = 0;
		};
		702669C11AB810F3005066E0 /* Resources */ = {
			isa = PBXResourcesBuildPhase;
			buildActionMask = 2147483647;
			files = (
			);
			runOnlyForDeploymentPostprocessing = 0;
		};
/* End PBXResourcesBuildPhase section */

/* Begin PBXSourcesBuildPhase section */
		702669AA1AB810F3005066E0 /* Sources */ = {
			isa = PBXSourcesBuildPhase;
			buildActionMask = 2147483647;
			files = (
				702669D41AB8244D005066E0 /* CalcLogic.swift in Sources */,
				702669B61AB810F3005066E0 /* ViewController.swift in Sources */,
				70C575391AB91EB2006333E7 /* GameplayViewController.swift in Sources */,
				702669B41AB810F3005066E0 /* AppDelegate.swift in Sources */,
			);
			runOnlyForDeploymentPostprocessing = 0;
		};
		702669BF1AB810F3005066E0 /* Sources */ = {
			isa = PBXSourcesBuildPhase;
			buildActionMask = 2147483647;
			files = (
				702669CA1AB810F3005066E0 /* Chinese_CharadesTests.swift in Sources */,
			);
			runOnlyForDeploymentPostprocessing = 0;
		};
/* End PBXSourcesBuildPhase section */

/* Begin PBXTargetDependency section */
		702669C51AB810F3005066E0 /* PBXTargetDependency */ = {
			isa = PBXTargetDependency;
			target = 702669AD1AB810F3005066E0 /* Chinese Charades */;
			targetProxy = 702669C41AB810F3005066E0 /* PBXContainerItemProxy */;
		};
/* End PBXTargetDependency section */

/* Begin PBXVariantGroup section */
		702669B71AB810F3005066E0 /* Main.storyboard */ = {
			isa = PBXVariantGroup;
			children = (
				702669B81AB810F3005066E0 /* Base */,
			);
			name = Main.storyboard;
			sourceTree = "<group>";
		};
		702669BC1AB810F3005066E0 /* LaunchScreen.xib */ = {
			isa = PBXVariantGroup;
			children = (
				702669BD1AB810F3005066E0 /* Base */,
			);
			name = LaunchScreen.xib;
			sourceTree = "<group>";
		};
/* End PBXVariantGroup section */

/* Begin XCBuildConfiguration section */
		702669CB1AB810F3005066E0 /* Debug */ = {
			isa = XCBuildConfiguration;
			buildSettings = {
				ALWAYS_SEARCH_USER_PATHS = NO;
				CLANG_CXX_LANGUAGE_STANDARD = "gnu++0x";
				CLANG_CXX_LIBRARY = "libc++";
				CLANG_ENABLE_MODULES = YES;
				CLANG_ENABLE_OBJC_ARC = YES;
				CLANG_WARN_BOOL_CONVERSION = YES;
				CLANG_WARN_CONSTANT_CONVERSION = YES;
				CLANG_WARN_DIRECT_OBJC_ISA_USAGE = YES_ERROR;
				CLANG_WARN_EMPTY_BODY = YES;
				CLANG_WARN_ENUM_CONVERSION = YES;
				CLANG_WARN_INT_CONVERSION = YES;
				CLANG_WARN_OBJC_ROOT_CLASS = YES_ERROR;
				CLANG_WARN_UNREACHABLE_CODE = YES;
				CLANG_WARN__DUPLICATE_METHOD_MATCH = YES;
				"CODE_SIGN_IDENTITY[sdk=iphoneos*]" = "iPhone Developer";
				COPY_PHASE_STRIP = NO;
				ENABLE_STRICT_OBJC_MSGSEND = YES;
				GCC_C_LANGUAGE_STANDARD = gnu99;
				GCC_DYNAMIC_NO_PIC = NO;
				GCC_OPTIMIZATION_LEVEL = 0;
				GCC_PREPROCESSOR_DEFINITIONS = (
					"DEBUG=1",
					"$(inherited)",
				);
				GCC_SYMBOLS_PRIVATE_EXTERN = NO;
				GCC_WARN_64_TO_32_BIT_CONVERSION = YES;
				GCC_WARN_ABOUT_RETURN_TYPE = YES_ERROR;
				GCC_WARN_UNDECLARED_SELECTOR = YES;
				GCC_WARN_UNINITIALIZED_AUTOS = YES_AGGRESSIVE;
				GCC_WARN_UNUSED_FUNCTION = YES;
				GCC_WARN_UNUSED_VARIABLE = YES;
				IPHONEOS_DEPLOYMENT_TARGET = 8.1;
				MTL_ENABLE_DEBUG_INFO = YES;
				ONLY_ACTIVE_ARCH = YES;
				SDKROOT = iphoneos;
				SWIFT_OPTIMIZATION_LEVEL = "-Onone";
				TARGETED_DEVICE_FAMILY = "1,2";
			};
			name = Debug;
		};
		702669CC1AB810F3005066E0 /* Release */ = {
			isa = XCBuildConfiguration;
			buildSettings = {
				ALWAYS_SEARCH_USER_PATHS = NO;
				CLANG_CXX_LANGUAGE_STANDARD = "gnu++0x";
				CLANG_CXX_LIBRARY = "libc++";
				CLANG_ENABLE_MODULES = YES;
				CLANG_ENABLE_OBJC_ARC = YES;
				CLANG_WARN_BOOL_CONVERSION = YES;
				CLANG_WARN_CONSTANT_CONVERSION = YES;
				CLANG_WARN_DIRECT_OBJC_ISA_USAGE = YES_ERROR;
				CLANG_WARN_EMPTY_BODY = YES;
				CLANG_WARN_ENUM_CONVERSION = YES;
				CLANG_WARN_INT_CONVERSION = YES;
				CLANG_WARN_OBJC_ROOT_CLASS = YES_ERROR;
				CLANG_WARN_UNREACHABLE_CODE = YES;
				CLANG_WARN__DUPLICATE_METHOD_MATCH = YES;
				"CODE_SIGN_IDENTITY[sdk=iphoneos*]" = "iPhone Developer";
				COPY_PHASE_STRIP = YES;
				ENABLE_NS_ASSERTIONS = NO;
				ENABLE_STRICT_OBJC_MSGSEND = YES;
				GCC_C_LANGUAGE_STANDARD = gnu99;
				GCC_WARN_64_TO_32_BIT_CONVERSION = YES;
				GCC_WARN_ABOUT_RETURN_TYPE = YES_ERROR;
				GCC_WARN_UNDECLARED_SELECTOR = YES;
				GCC_WARN_UNINITIALIZED_AUTOS = YES_AGGRESSIVE;
				GCC_WARN_UNUSED_FUNCTION = YES;
				GCC_WARN_UNUSED_VARIABLE = YES;
				IPHONEOS_DEPLOYMENT_TARGET = 8.1;
				MTL_ENABLE_DEBUG_INFO = NO;
				SDKROOT = iphoneos;
				TARGETED_DEVICE_FAMILY = "1,2";
				VALIDATE_PRODUCT = YES;
			};
			name = Release;
		};
		702669CE1AB810F3005066E0 /* Debug */ = {
			isa = XCBuildConfiguration;
			buildSettings = {
				ASSETCATALOG_COMPILER_APPICON_NAME = AppIcon;
				CODE_SIGN_IDENTITY = "iPhone Developer";
				"CODE_SIGN_IDENTITY[sdk=iphoneos*]" = "iPhone Developer";
				INFOPLIST_FILE = "Chinese Charades/Info.plist";
				LD_RUNPATH_SEARCH_PATHS = "$(inherited) @executable_path/Frameworks";
				PRODUCT_NAME = "$(TARGET_NAME)";
				PROVISIONING_PROFILE = "";
			};
			name = Debug;
		};
		702669CF1AB810F3005066E0 /* Release */ = {
			isa = XCBuildConfiguration;
			buildSettings = {
				ASSETCATALOG_COMPILER_APPICON_NAME = AppIcon;
				CODE_SIGN_IDENTITY = "iPhone Developer";
				"CODE_SIGN_IDENTITY[sdk=iphoneos*]" = "iPhone Developer";
				INFOPLIST_FILE = "Chinese Charades/Info.plist";
				LD_RUNPATH_SEARCH_PATHS = "$(inherited) @executable_path/Frameworks";
				PRODUCT_NAME = "$(TARGET_NAME)";
				PROVISIONING_PROFILE = "";
			};
			name = Release;
		};
		702669D11AB810F3005066E0 /* Debug */ = {
			isa = XCBuildConfiguration;
			buildSettings = {
				BUNDLE_LOADER = "$(TEST_HOST)";
				FRAMEWORK_SEARCH_PATHS = (
					"$(SDKROOT)/Developer/Library/Frameworks",
					"$(inherited)",
				);
				GCC_PREPROCESSOR_DEFINITIONS = (
					"DEBUG=1",
					"$(inherited)",
				);
				INFOPLIST_FILE = "Chinese CharadesTests/Info.plist";
				LD_RUNPATH_SEARCH_PATHS = "$(inherited) @executable_path/Frameworks @loader_path/Frameworks";
				PRODUCT_NAME = "$(TARGET_NAME)";
				TEST_HOST = "$(BUILT_PRODUCTS_DIR)/Chinese Charades.app/Chinese Charades";
			};
			name = Debug;
		};
		702669D21AB810F3005066E0 /* Release */ = {
			isa = XCBuildConfiguration;
			buildSettings = {
				BUNDLE_LOADER = "$(TEST_HOST)";
				FRAMEWORK_SEARCH_PATHS = (
					"$(SDKROOT)/Developer/Library/Frameworks",
					"$(inherited)",
				);
				INFOPLIST_FILE = "Chinese CharadesTests/Info.plist";
				LD_RUNPATH_SEARCH_PATHS = "$(inherited) @executable_path/Frameworks @loader_path/Frameworks";
				PRODUCT_NAME = "$(TARGET_NAME)";
				TEST_HOST = "$(BUILT_PRODUCTS_DIR)/Chinese Charades.app/Chinese Charades";
			};
			name = Release;
		};
/* End XCBuildConfiguration section */

/* Begin XCConfigurationList section */
		702669A91AB810F3005066E0 /* Build configuration list for PBXProject "Chinese Charades" */ = {
			isa = XCConfigurationList;
			buildConfigurations = (
				702669CB1AB810F3005066E0 /* Debug */,
				702669CC1AB810F3005066E0 /* Release */,
			);
			defaultConfigurationIsVisible = 0;
			defaultConfigurationName = Release;
		};
		702669CD1AB810F3005066E0 /* Build configuration list for PBXNativeTarget "Chinese Charades" */ = {
			isa = XCConfigurationList;
			buildConfigurations = (
				702669CE1AB810F3005066E0 /* Debug */,
				702669CF1AB810F3005066E0 /* Release */,
			);
			defaultConfigurationIsVisible = 0;
			defaultConfigurationName = Release;
		};
		702669D01AB810F3005066E0 /* Build configuration list for PBXNativeTarget "Chinese CharadesTests" */ = {
			isa = XCConfigurationList;
			buildConfigurations = (
				702669D11AB810F3005066E0 /* Debug */,
				702669D21AB810F3005066E0 /* Release */,
			);
			defaultConfigurationIsVisible = 0;
			defaultConfigurationName = Release;
		};
/* End XCConfigurationList section */
	};
	rootObject = 702669A61AB810F3005066E0 /* Project object */;
}
